
Microsoft Visual Studio Solution File, Format Version 12.00
# Visual Studio Version 17
VisualStudioVersion = 17.14.36414.22 d17.14
MinimumVisualStudioVersion = 10.0.40219.1
Project("{FAE04EC0-301F-11D3-BF4B-00C04F79EFBC}") = "MountedGames.Logic", "MountedGames.Logic\MountedGames.Logic.csproj", "{27EFF0C4-9445-4A95-9EF4-1BD1C39E6D86}"
EndProject
Project("{FAE04EC0-301F-11D3-BF4B-00C04F79EFBC}") = "MountedGames.Tests", "MountedGames.Tests\MountedGames.Tests.csproj", "{7678F008-62BC-48DC-87EE-0E82CBE4C9B8}"
EndProject
Project("{E53339B2-1760-4266-BCC7-CA923CBCF16C}") = "docker-compose", "docker-compose.dcproj", "{81DDED9D-158B-E303-5F62-77A2896D2A5A}"
EndProject
Global
	GlobalSection(SolutionConfigurationPlatforms) = preSolution
		Debug|Any CPU = Debug|Any CPU
		Release|Any CPU = Release|Any CPU
	EndGlobalSection
	GlobalSection(ProjectConfigurationPlatforms) = postSolution
		{27EFF0C4-9445-4A95-9EF4-1BD1C39E6D86}.Debug|Any CPU.ActiveCfg = Debug|Any CPU
		{27EFF0C4-9445-4A95-9EF4-1BD1C39E6D86}.Debug|Any CPU.Build.0 = Debug|Any CPU
		{27EFF0C4-9445-4A95-9EF4-1BD1C39E6D86}.Release|Any CPU.ActiveCfg = Release|Any CPU
		{27EFF0C4-9445-4A95-9EF4-1BD1C39E6D86}.Release|Any CPU.Build.0 = Release|Any CPU
		{7678F008-62BC-48DC-87EE-0E82CBE4C9B8}.Debug|Any CPU.ActiveCfg = Debug|Any CPU
		{7678F008-62BC-48DC-87EE-0E82CBE4C9B8}.Debug|Any CPU.Build.0 = Debug|Any CPU
		{7678F008-62BC-48DC-87EE-0E82CBE4C9B8}.Release|Any CPU.ActiveCfg = Release|Any CPU
		{7678F008-62BC-48DC-87EE-0E82CBE4C9B8}.Release|Any CPU.Build.0 = Release|Any CPU
		{81DDED9D-158B-E303-5F62-77A2896D2A5A}.Debug|Any CPU.ActiveCfg = Debug|Any CPU
		{81DDED9D-158B-E303-5F62-77A2896D2A5A}.Debug|Any CPU.Build.0 = Debug|Any CPU
		{81DDED9D-158B-E303-5F62-77A2896D2A5A}.Release|Any CPU.ActiveCfg = Release|Any CPU
		{81DDED9D-158B-E303-5F62-77A2896D2A5A}.Release|Any CPU.Build.0 = Release|Any CPU
	EndGlobalSection
	GlobalSection(SolutionProperties) = preSolution
		HideSolutionNode = FALSE
	EndGlobalSection
	GlobalSection(ExtensibilityGlobals) = postSolution
		SolutionGuid = {6D72B43D-6581-4150-B31A-AFA1F2808939}
	EndGlobalSection
EndGlobal
